// !$*UTF8*$!
{
	archiveVersion = 1;
	classes = {
	};
	objectVersion = 50;
	objects = {

/* Begin PBXBuildFile section */
		849D47BD238A9A2800B09AAA /* AppDelegate.swift in Sources */ = {isa = PBXBuildFile; fileRef = 849D47BC238A9A2800B09AAA /* AppDelegate.swift */; };
		849D47BF238A9A2800B09AAA /* SceneDelegate.swift in Sources */ = {isa = PBXBuildFile; fileRef = 849D47BE238A9A2800B09AAA /* SceneDelegate.swift */; };
		849D47C1238A9A2800B09AAA /* ViewController.swift in Sources */ = {isa = PBXBuildFile; fileRef = 849D47C0238A9A2800B09AAA /* ViewController.swift */; };
		849D47C4238A9A2800B09AAA /* Main.storyboard in Resources */ = {isa = PBXBuildFile; fileRef = 849D47C2238A9A2800B09AAA /* Main.storyboard */; };
		849D47C6238A9A2900B09AAA /* Assets.xcassets in Resources */ = {isa = PBXBuildFile; fileRef = 849D47C5238A9A2900B09AAA /* Assets.xcassets */; };
		849D47C9238A9A2900B09AAA /* LaunchScreen.storyboard in Resources */ = {isa = PBXBuildFile; fileRef = 849D47C7238A9A2900B09AAA /* LaunchScreen.storyboard */; };
		849D47D1238A9E1900B09AAA /* HashWord.swift in Sources */ = {isa = PBXBuildFile; fileRef = 849D47D0238A9E1900B09AAA /* HashWord.swift */; };
		849D47D5238AD5BD00B09AAA /* UIView+AnimationLabelChange.swift in Sources */ = {isa = PBXBuildFile; fileRef = 849D47D4238AD5BD00B09AAA /* UIView+AnimationLabelChange.swift */; };
/* End PBXBuildFile section */

/* Begin PBXFileReference section */
		849D47B9238A9A2800B09AAA /* PerfectHashingCichelliAlgorithm.app */ = {isa = PBXFileReference; explicitFileType = wrapper.application; includeInIndex = 0; path = PerfectHashingCichelliAlgorithm.app; sourceTree = BUILT_PRODUCTS_DIR; };
		849D47BC238A9A2800B09AAA /* AppDelegate.swift */ = {isa = PBXFileReference; lastKnownFileType = sourcecode.swift; path = AppDelegate.swift; sourceTree = "<group>"; };
		849D47BE238A9A2800B09AAA /* SceneDelegate.swift */ = {isa = PBXFileReference; lastKnownFileType = sourcecode.swift; path = SceneDelegate.swift; sourceTree = "<group>"; };
		849D47C0238A9A2800B09AAA /* ViewController.swift */ = {isa = PBXFileReference; lastKnownFileType = sourcecode.swift; path = ViewController.swift; sourceTree = "<group>"; };
		849D47C3238A9A2800B09AAA /* Base */ = {isa = PBXFileReference; lastKnownFileType = file.storyboard; name = Base; path = Base.lproj/Main.storyboard; sourceTree = "<group>"; };
		849D47C5238A9A2900B09AAA /* Assets.xcassets */ = {isa = PBXFileReference; lastKnownFileType = folder.assetcatalog; path = Assets.xcassets; sourceTree = "<group>"; };
		849D47C8238A9A2900B09AAA /* Base */ = {isa = PBXFileReference; lastKnownFileType = file.storyboard; name = Base; path = Base.lproj/LaunchScreen.storyboard; sourceTree = "<group>"; };
		849D47CA238A9A2900B09AAA /* Info.plist */ = {isa = PBXFileReference; lastKnownFileType = text.plist.xml; path = Info.plist; sourceTree = "<group>"; };
		849D47D0238A9E1900B09AAA /* HashWord.swift */ = {isa = PBXFileReference; lastKnownFileType = sourcecode.swift; path = HashWord.swift; sourceTree = "<group>"; };
		849D47D4238AD5BD00B09AAA /* UIView+AnimationLabelChange.swift */ = {isa = PBXFileReference; lastKnownFileType = sourcecode.swift; path = "UIView+AnimationLabelChange.swift"; sourceTree = "<group>"; };
/* End PBXFileReference section */

/* Begin PBXFrameworksBuildPhase section */
		849D47B6238A9A2800B09AAA /* Frameworks */ = {
			isa = PBXFrameworksBuildPhase;
			buildActionMask = 2147483647;
			files = (
			);
			runOnlyForDeploymentPostprocessing = 0;
		};
/* End PBXFrameworksBuildPhase section */

/* Begin PBXGroup section */
		849D47B0238A9A2700B09AAA = {
			isa = PBXGroup;
			children = (
				849D47BB238A9A2800B09AAA /* PerfectHashingCichelliAlgorithm */,
				849D47BA238A9A2800B09AAA /* Products */,
			);
			sourceTree = "<group>";
		};
		849D47BA238A9A2800B09AAA /* Products */ = {
			isa = PBXGroup;
			children = (
				849D47B9238A9A2800B09AAA /* PerfectHashingCichelliAlgorithm.app */,
			);
			name = Products;
			sourceTree = "<group>";
		};
		849D47BB238A9A2800B09AAA /* PerfectHashingCichelliAlgorithm */ = {
			isa = PBXGroup;
			children = (
				849D47BC238A9A2800B09AAA /* AppDelegate.swift */,
				849D47BE238A9A2800B09AAA /* SceneDelegate.swift */,
				849D47C0238A9A2800B09AAA /* ViewController.swift */,
				849D47D0238A9E1900B09AAA /* HashWord.swift */,
				849D47D4238AD5BD00B09AAA /* UIView+AnimationLabelChange.swift */,
				849D47C2238A9A2800B09AAA /* Main.storyboard */,
				849D47C5238A9A2900B09AAA /* Assets.xcassets */,
				849D47C7238A9A2900B09AAA /* LaunchScreen.storyboard */,
				849D47CA238A9A2900B09AAA /* Info.plist */,
			);
			path = PerfectHashingCichelliAlgorithm;
			sourceTree = "<group>";
		};
/* End PBXGroup section */

/* Begin PBXNativeTarget section */
		849D47B8238A9A2800B09AAA /* PerfectHashingCichelliAlgorithm */ = {
			isa = PBXNativeTarget;
			buildConfigurationList = 849D47CD238A9A2900B09AAA /* Build configuration list for PBXNativeTarget "PerfectHashingCichelliAlgorithm" */;
			buildPhases = (
				849D47B5238A9A2800B09AAA /* Sources */,
				849D47B6238A9A2800B09AAA /* Frameworks */,
				849D47B7238A9A2800B09AAA /* Resources */,
			);
			buildRules = (
			);
			dependencies = (
			);
			name = PerfectHashingCichelliAlgorithm;
			productName = PerfectHashingCichelliAlgorithm;
			productReference = 849D47B9238A9A2800B09AAA /* PerfectHashingCichelliAlgorithm.app */;
			productType = "com.apple.product-type.application";
		};
/* End PBXNativeTarget section */

/* Begin PBXProject section */
		849D47B1238A9A2700B09AAA /* Project object */ = {
			isa = PBXProject;
			attributes = {
				LastSwiftUpdateCheck = 1120;
				LastUpgradeCheck = 1120;
				ORGANIZATIONNAME = "Alperen Ünal";
				TargetAttributes = {
					849D47B8238A9A2800B09AAA = {
						CreatedOnToolsVersion = 11.2.1;
					};
				};
			};
			buildConfigurationList = 849D47B4238A9A2700B09AAA /* Build configuration list for PBXProject "PerfectHashingCichelliAlgorithm" */;
			compatibilityVersion = "Xcode 9.3";
			developmentRegion = en;
			hasScannedForEncodings = 0;
			knownRegions = (
				en,
				Base,
			);
			mainGroup = 849D47B0238A9A2700B09AAA;
			productRefGroup = 849D47BA238A9A2800B09AAA /* Products */;
			projectDirPath = "";
			projectRoot = "";
			targets = (
				849D47B8238A9A2800B09AAA /* PerfectHashingCichelliAlgorithm */,
			);
		};
/* End PBXProject section */

/* Begin PBXResourcesBuildPhase section */
		849D47B7238A9A2800B09AAA /* Resources */ = {
			isa = PBXResourcesBuildPhase;
			buildActionMask = 2147483647;
			files = (
				849D47C9238A9A2900B09AAA /* LaunchScreen.storyboard in Resources */,
				849D47C6238A9A2900B09AAA /* Assets.xcassets in Resources */,
				849D47C4238A9A2800B09AAA /* Main.storyboard in Resources */,
			);
			runOnlyForDeploymentPostprocessing = 0;
		};
/* End PBXResourcesBuildPhase section */

/* Begin PBXSourcesBuildPhase section */
		849D47B5238A9A2800B09AAA /* Sources */ = {
			isa = PBXSourcesBuildPhase;
			buildActionMask = 2147483647;
			files = (
				849D47D5238AD5BD00B09AAA /* UIView+AnimationLabelChange.swift in Sources */,
				849D47C1238A9A2800B09AAA /* ViewController.swift in Sources */,
				849D47D1238A9E1900B09AAA /* HashWord.swift in Sources */,
				849D47BD238A9A2800B09AAA /* AppDelegate.swift in Sources */,
				849D47BF238A9A2800B09AAA /* SceneDelegate.swift in Sources */,
			);
			runOnlyForDeploymentPostprocessing = 0;
		};
/* End PBXSourcesBuildPhase section */

/* Begin PBXVariantGroup section */
		849D47C2238A9A2800B09AAA /* Main.storyboard */ = {
			isa = PBXVariantGroup;
			children = (
				849D47C3238A9A2800B09AAA /* Base */,
			);
			name = Main.storyboard;
			sourceTree = "<group>";
		};
		849D47C7238A9A2900B09AAA /* LaunchScreen.storyboard */ = {
			isa = PBXVariantGroup;
			children = (
				849D47C8238A9A2900B09AAA /* Base */,
			);
			name = LaunchScreen.storyboard;
			sourceTree = "<group>";
		};
/* End PBXVariantGroup section */

/* Begin XCBuildConfiguration section */
		849D47CB238A9A2900B09AAA /* Debug */ = {
			isa = XCBuildConfiguration;
			buildSettings = {
				ALWAYS_SEARCH_USER_PATHS = NO;
				CLANG_ANALYZER_NONNULL = YES;
				CLANG_ANALYZER_NUMBER_OBJECT_CONVERSION = YES_AGGRESSIVE;
				CLANG_CXX_LANGUAGE_STANDARD = "gnu++14";
				CLANG_CXX_LIBRARY = "libc++";
				CLANG_ENABLE_MODULES = YES;
				CLANG_ENABLE_OBJC_ARC = YES;
				CLANG_ENABLE_OBJC_WEAK = YES;
				CLANG_WARN_BLOCK_CAPTURE_AUTORELEASING = YES;
				CLANG_WARN_BOOL_CONVERSION = YES;
				CLANG_WARN_COMMA = YES;
				CLANG_WARN_CONSTANT_CONVERSION = YES;
				CLANG_WARN_DEPRECATED_OBJC_IMPLEMENTATIONS = YES;
				CLANG_WARN_DIRECT_OBJC_ISA_USAGE = YES_ERROR;
				CLANG_WARN_DOCUMENTATION_COMMENTS = YES;
				CLANG_WARN_EMPTY_BODY = YES;
				CLANG_WARN_ENUM_CONVERSION = YES;
				CLANG_WARN_INFINITE_RECURSION = YES;
				CLANG_WARN_INT_CONVERSION = YES;
				CLANG_WARN_NON_LITERAL_NULL_CONVERSION = YES;
				CLANG_WARN_OBJC_IMPLICIT_RETAIN_SELF = YES;
				CLANG_WARN_OBJC_LITERAL_CONVERSION = YES;
				CLANG_WARN_OBJC_ROOT_CLASS = YES_ERROR;
				CLANG_WARN_RANGE_LOOP_ANALYSIS = YES;
				CLANG_WARN_STRICT_PROTOTYPES = YES;
				CLANG_WARN_SUSPICIOUS_MOVE = YES;
				CLANG_WARN_UNGUARDED_AVAILABILITY = YES_AGGRESSIVE;
				CLANG_WARN_UNREACHABLE_CODE = YES;
				CLANG_WARN__DUPLICATE_METHOD_MATCH = YES;
				COPY_PHASE_STRIP = NO;
				DEBUG_INFORMATION_FORMAT = dwarf;
				ENABLE_STRICT_OBJC_MSGSEND = YES;
				ENABLE_TESTABILITY = YES;
				GCC_C_LANGUAGE_STANDARD = gnu11;
				GCC_DYNAMIC_NO_PIC = NO;
				GCC_NO_COMMON_BLOCKS = YES;
				GCC_OPTIMIZATION_LEVEL = 0;
				GCC_PREPROCESSOR_DEFINITIONS = (
					"DEBUG=1",
					"$(inherited)",
				);
				GCC_WARN_64_TO_32_BIT_CONVERSION = YES;
				GCC_WARN_ABOUT_RETURN_TYPE = YES_ERROR;
				GCC_WARN_UNDECLARED_SELECTOR = YES;
				GCC_WARN_UNINITIALIZED_AUTOS = YES_AGGRESSIVE;
				GCC_WARN_UNUSED_FUNCTION = YES;
				GCC_WARN_UNUSED_VARIABLE = YES;
				IPHONEOS_DEPLOYMENT_TARGET = 13.2;
				MTL_ENABLE_DEBUG_INFO = INCLUDE_SOURCE;
				MTL_FAST_MATH = YES;
				ONLY_ACTIVE_ARCH = YES;
				SDKROOT = iphoneos;
				SWIFT_ACTIVE_COMPILATION_CONDITIONS = DEBUG;
				SWIFT_OPTIMIZATION_LEVEL = "-Onone";
			};
			name = Debug;
		};
		849D47CC238A9A2900B09AAA /* Release */ = {
			isa = XCBuildConfiguration;
			buildSettings = {
				ALWAYS_SEARCH_USER_PATHS = NO;
				CLANG_ANALYZER_NONNULL = YES;
				CLANG_ANALYZER_NUMBER_OBJECT_CONVERSION = YES_AGGRESSIVE;
				CLANG_CXX_LANGUAGE_STANDARD = "gnu++14";
				CLANG_CXX_LIBRARY = "libc++";
				CLANG_ENABLE_MODULES = YES;
				CLANG_ENABLE_OBJC_ARC = YES;
				CLANG_ENABLE_OBJC_WEAK = YES;
				CLANG_WARN_BLOCK_CAPTURE_AUTORELEASING = YES;
				CLANG_WARN_BOOL_CONVERSION = YES;
				CLANG_WARN_COMMA = YES;
				CLANG_WARN_CONSTANT_CONVERSION = YES;
				CLANG_WARN_DEPRECATED_OBJC_IMPLEMENTATIONS = YES;
				CLANG_WARN_DIRECT_OBJC_ISA_USAGE = YES_ERROR;
				CLANG_WARN_DOCUMENTATION_COMMENTS = YES;
				CLANG_WARN_EMPTY_BODY = YES;
				CLANG_WARN_ENUM_CONVERSION = YES;
				CLANG_WARN_INFINITE_RECURSION = YES;
				CLANG_WARN_INT_CONVERSION = YES;
				CLANG_WARN_NON_LITERAL_NULL_CONVERSION = YES;
				CLANG_WARN_OBJC_IMPLICIT_RETAIN_SELF = YES;
				CLANG_WARN_OBJC_LITERAL_CONVERSION = YES;
				CLANG_WARN_OBJC_ROOT_CLASS = YES_ERROR;
				CLANG_WARN_RANGE_LOOP_ANALYSIS = YES;
				CLANG_WARN_STRICT_PROTOTYPES = YES;
				CLANG_WARN_SUSPICIOUS_MOVE = YES;
				CLANG_WARN_UNGUARDED_AVAILABILITY = YES_AGGRESSIVE;
				CLANG_WARN_UNREACHABLE_CODE = YES;
				CLANG_WARN__DUPLICATE_METHOD_MATCH = YES;
				COPY_PHASE_STRIP = NO;
				DEBUG_INFORMATION_FORMAT = "dwarf-with-dsym";
				ENABLE_NS_ASSERTIONS = NO;
				ENABLE_STRICT_OBJC_MSGSEND = YES;
				GCC_C_LANGUAGE_STANDARD = gnu11;
				GCC_NO_COMMON_BLOCKS = YES;
				GCC_WARN_64_TO_32_BIT_CONVERSION = YES;
				GCC_WARN_ABOUT_RETURN_TYPE = YES_ERROR;
				GCC_WARN_UNDECLARED_SELECTOR = YES;
				GCC_WARN_UNINITIALIZED_AUTOS = YES_AGGRESSIVE;
				GCC_WARN_UNUSED_FUNCTION = YES;
				GCC_WARN_UNUSED_VARIABLE = YES;
				IPHONEOS_DEPLOYMENT_TARGET = 13.2;
				MTL_ENABLE_DEBUG_INFO = NO;
				MTL_FAST_MATH = YES;
				SDKROOT = iphoneos;
				SWIFT_COMPILATION_MODE = wholemodule;
				SWIFT_OPTIMIZATION_LEVEL = "-O";
				VALIDATE_PRODUCT = YES;
			};
			name = Release;
		};
		849D47CE238A9A2900B09AAA /* Debug */ = {
			isa = XCBuildConfiguration;
			buildSettings = {
				ASSETCATALOG_COMPILER_APPICON_NAME = AppIcon;
				CODE_SIGN_STYLE = Automatic;
				DEVELOPMENT_TEAM = MTMVBPSRA5;
				INFOPLIST_FILE = PerfectHashingCichelliAlgorithm/Info.plist;
				IPHONEOS_DEPLOYMENT_TARGET = 13.2;
				LD_RUNPATH_SEARCH_PATHS = (
					"$(inherited)",
					"@executable_path/Frameworks",
				);
				PRODUCT_BUNDLE_IDENTIFIER = com.alperenunal.PerfectHashingCichelliAlgorithm;
				PRODUCT_NAME = "$(TARGET_NAME)";
				SWIFT_VERSION = 5.0;
				TARGETED_DEVICE_FAMILY = 1;
			};
			name = Debug;
		};
		849D47CF238A9A2900B09AAA /* Release */ = {
			isa = XCBuildConfiguration;
			buildSettings = {
				ASSETCATALOG_COMPILER_APPICON_NAME = AppIcon;
				CODE_SIGN_STYLE = Automatic;
				DEVELOPMENT_TEAM = MTMVBPSRA5;
				INFOPLIST_FILE = PerfectHashingCichelliAlgorithm/Info.plist;
				IPHONEOS_DEPLOYMENT_TARGET = 13.2;
				LD_RUNPATH_SEARCH_PATHS = (
					"$(inherited)",
					"@executable_path/Frameworks",
				);
				PRODUCT_BUNDLE_IDENTIFIER = com.alperenunal.PerfectHashingCichelliAlgorithm;
				PRODUCT_NAME = "$(TARGET_NAME)";
				SWIFT_VERSION = 5.0;
				TARGETED_DEVICE_FAMILY = 1;
			};
			name = Release;
		};
/* End XCBuildConfiguration section */

/* Begin XCConfigurationList section */
		849D47B4238A9A2700B09AAA /* Build configuration list for PBXProject "PerfectHashingCichelliAlgorithm" */ = {
			isa = XCConfigurationList;
			buildConfigurations = (
				849D47CB238A9A2900B09AAA /* Debug */,
				849D47CC238A9A2900B09AAA /* Release */,
			);
			defaultConfigurationIsVisible = 0;
			defaultConfigurationName = Release;
		};
		849D47CD238A9A2900B09AAA /* Build configuration list for PBXNativeTarget "PerfectHashingCichelliAlgorithm" */ = {
			isa = XCConfigurationList;
			buildConfigurations = (
				849D47CE238A9A2900B09AAA /* Debug */,
				849D47CF238A9A2900B09AAA /* Release */,
			);
			defaultConfigurationIsVisible = 0;
			defaultConfigurationName = Release;
		};
/* End XCConfigurationList section */
	};
	rootObject = 849D47B1238A9A2700B09AAA /* Project object */;
}
